
Microsoft Visual Studio Solution File, Format Version 12.00
# Visual Studio Version 16
VisualStudioVersion = 16.0.29905.134
MinimumVisualStudioVersion = 10.0.40219.1
Project("{9A19103F-16F7-4668-BE54-9A1E7A4F7556}") = "VirtualDesktopSwitchApi", "VirtualDesktopSwitchApi\VirtualDesktopSwitchApi.csproj", "{E686A9B8-C292-4429-8F11-9DF2D14EC27D}"
EndProject
Project("{9A19103F-16F7-4668-BE54-9A1E7A4F7556}") = "VirtualDesktopSwitchServer", "VirtualDesktopSwitchServer\VirtualDesktopSwitchServer.csproj", "{C11217F4-8F5F-4D48-983B-DF985233BACE}"
EndProject
Project("{9A19103F-16F7-4668-BE54-9A1E7A4F7556}") = "VirtualDesktopSwitchClient", "VirtualDesktopSwitchClient\VirtualDesktopSwitchClient.csproj", "{5C4BA1A6-9AA6-447A-8E66-1281F8C35579}"
EndProject
Project("{9A19103F-16F7-4668-BE54-9A1E7A4F7556}") = "VirtualDesktop", "..\..\libs\VirtualDesktop\source\VirtualDesktop\VirtualDesktop.csproj", "{C514820A-972C-461F-8676-222CA1D087B2}"
EndProject
Project("{9A19103F-16F7-4668-BE54-9A1E7A4F7556}") = "VirtualDesktopSwitchLeft", "VirtualDesktopSwitchLeft\VirtualDesktopSwitchLeft.csproj", "{D1231F20-849F-49BA-90C5-E3AC5A580057}"
EndProject
Project("{2150E333-8FDC-42A3-9474-1A3956D46DE8}") = "libs", "libs", "{E0D2EC95-9F8E-48B8-8418-CB4CEC36274C}"
EndProject
Project("{9A19103F-16F7-4668-BE54-9A1E7A4F7556}") = "VirtualDesktopCommon", "VirtualDesktopCommon\VirtualDesktopCommon.csproj", "{698D18F9-7830-46F0-89C5-382CA2AD29E6}"
EndProject
Project("{2150E333-8FDC-42A3-9474-1A3956D46DE8}") = "shared", "shared", "{843A4ADA-44EC-45C9-95F6-49071E557F10}"
	ProjectSection(SolutionItems) = preProject
		DesktopSwitchApplication.cs = DesktopSwitchApplication.cs
	EndProjectSection
EndProject
Project("{9A19103F-16F7-4668-BE54-9A1E7A4F7556}") = "VirtualDesktopSwitchRight", "VirtualDesktopSwitchRight\VirtualDesktopSwitchRight.csproj", "{F7414C67-4F54-46C9-B071-E55506CCD65D}"
EndProject
Project("{9A19103F-16F7-4668-BE54-9A1E7A4F7556}") = "VirtualDesktopCycleLeft", "VirtualDesktopCycleLeft\VirtualDesktopCycleLeft.csproj", "{93709642-9672-493E-9ED6-1A2ABF3FFD19}"
EndProject
Project("{9A19103F-16F7-4668-BE54-9A1E7A4F7556}") = "VirtualDesktopCycleRight", "VirtualDesktopCycleRight\VirtualDesktopCycleRight.csproj", "{5A03BB8B-8072-471E-B353-40ECEDE44990}"
EndProject
Project("{2150E333-8FDC-42A3-9474-1A3956D46DE8}") = "wrapper_applications", "wrapper_applications", "{4FD06B1A-90E8-4896-B5EC-532DE38C83A9}"
EndProject
Global
	GlobalSection(SolutionConfigurationPlatforms) = preSolution
		Debug|Any CPU = Debug|Any CPU
		Release|Any CPU = Release|Any CPU
	EndGlobalSection
	GlobalSection(ProjectConfigurationPlatforms) = postSolution
		{E686A9B8-C292-4429-8F11-9DF2D14EC27D}.Debug|Any CPU.ActiveCfg = Debug|Any CPU
		{E686A9B8-C292-4429-8F11-9DF2D14EC27D}.Debug|Any CPU.Build.0 = Debug|Any CPU
		{E686A9B8-C292-4429-8F11-9DF2D14EC27D}.Release|Any CPU.ActiveCfg = Release|Any CPU
		{E686A9B8-C292-4429-8F11-9DF2D14EC27D}.Release|Any CPU.Build.0 = Release|Any CPU
		{C11217F4-8F5F-4D48-983B-DF985233BACE}.Debug|Any CPU.ActiveCfg = Debug|Any CPU
		{C11217F4-8F5F-4D48-983B-DF985233BACE}.Debug|Any CPU.Build.0 = Debug|Any CPU
		{C11217F4-8F5F-4D48-983B-DF985233BACE}.Release|Any CPU.ActiveCfg = Release|Any CPU
		{C11217F4-8F5F-4D48-983B-DF985233BACE}.Release|Any CPU.Build.0 = Release|Any CPU
		{5C4BA1A6-9AA6-447A-8E66-1281F8C35579}.Debug|Any CPU.ActiveCfg = Debug|Any CPU
		{5C4BA1A6-9AA6-447A-8E66-1281F8C35579}.Debug|Any CPU.Build.0 = Debug|Any CPU
		{5C4BA1A6-9AA6-447A-8E66-1281F8C35579}.Release|Any CPU.ActiveCfg = Release|Any CPU
		{5C4BA1A6-9AA6-447A-8E66-1281F8C35579}.Release|Any CPU.Build.0 = Release|Any CPU
		{C514820A-972C-461F-8676-222CA1D087B2}.Debug|Any CPU.ActiveCfg = Debug|Any CPU
		{C514820A-972C-461F-8676-222CA1D087B2}.Debug|Any CPU.Build.0 = Debug|Any CPU
		{C514820A-972C-461F-8676-222CA1D087B2}.Release|Any CPU.ActiveCfg = Release|Any CPU
		{C514820A-972C-461F-8676-222CA1D087B2}.Release|Any CPU.Build.0 = Release|Any CPU
		{D1231F20-849F-49BA-90C5-E3AC5A580057}.Debug|Any CPU.ActiveCfg = Debug|Any CPU
		{D1231F20-849F-49BA-90C5-E3AC5A580057}.Debug|Any CPU.Build.0 = Debug|Any CPU
		{D1231F20-849F-49BA-90C5-E3AC5A580057}.Release|Any CPU.ActiveCfg = Release|Any CPU
		{D1231F20-849F-49BA-90C5-E3AC5A580057}.Release|Any CPU.Build.0 = Release|Any CPU
		{698D18F9-7830-46F0-89C5-382CA2AD29E6}.Debug|Any CPU.ActiveCfg = Debug|Any CPU
		{698D18F9-7830-46F0-89C5-382CA2AD29E6}.Debug|Any CPU.Build.0 = Debug|Any CPU
		{698D18F9-7830-46F0-89C5-382CA2AD29E6}.Release|Any CPU.ActiveCfg = Release|Any CPU
		{698D18F9-7830-46F0-89C5-382CA2AD29E6}.Release|Any CPU.Build.0 = Release|Any CPU
		{F7414C67-4F54-46C9-B071-E55506CCD65D}.Debug|Any CPU.ActiveCfg = Debug|Any CPU
		{F7414C67-4F54-46C9-B071-E55506CCD65D}.Debug|Any CPU.Build.0 = Debug|Any CPU
		{F7414C67-4F54-46C9-B071-E55506CCD65D}.Release|Any CPU.ActiveCfg = Release|Any CPU
		{F7414C67-4F54-46C9-B071-E55506CCD65D}.Release|Any CPU.Build.0 = Release|Any CPU
		{93709642-9672-493E-9ED6-1A2ABF3FFD19}.Debug|Any CPU.ActiveCfg = Debug|Any CPU
		{93709642-9672-493E-9ED6-1A2ABF3FFD19}.Debug|Any CPU.Build.0 = Debug|Any CPU
		{93709642-9672-493E-9ED6-1A2ABF3FFD19}.Release|Any CPU.ActiveCfg = Release|Any CPU
		{93709642-9672-493E-9ED6-1A2ABF3FFD19}.Release|Any CPU.Build.0 = Release|Any CPU
		{5A03BB8B-8072-471E-B353-40ECEDE44990}.Debug|Any CPU.ActiveCfg = Debug|Any CPU
		{5A03BB8B-8072-471E-B353-40ECEDE44990}.Debug|Any CPU.Build.0 = Debug|Any CPU
		{5A03BB8B-8072-471E-B353-40ECEDE44990}.Release|Any CPU.ActiveCfg = Release|Any CPU
		{5A03BB8B-8072-471E-B353-40ECEDE44990}.Release|Any CPU.Build.0 = Release|Any CPU
	EndGlobalSection
	GlobalSection(SolutionProperties) = preSolution
		HideSolutionNode = FALSE
	EndGlobalSection
	GlobalSection(NestedProjects) = preSolution
		{C514820A-972C-461F-8676-222CA1D087B2} = {E0D2EC95-9F8E-48B8-8418-CB4CEC36274C}
		{D1231F20-849F-49BA-90C5-E3AC5A580057} = {4FD06B1A-90E8-4896-B5EC-532DE38C83A9}
		{F7414C67-4F54-46C9-B071-E55506CCD65D} = {4FD06B1A-90E8-4896-B5EC-532DE38C83A9}
		{93709642-9672-493E-9ED6-1A2ABF3FFD19} = {4FD06B1A-90E8-4896-B5EC-532DE38C83A9}
		{5A03BB8B-8072-471E-B353-40ECEDE44990} = {4FD06B1A-90E8-4896-B5EC-532DE38C83A9}
	EndGlobalSection
	GlobalSection(ExtensibilityGlobals) = postSolution
		SolutionGuid = {394E8869-D5B3-4090-B010-35A64EABDC61}
	EndGlobalSection
EndGlobal
